
Microsoft Visual Studio Solution File, Format Version 12.00
# Visual Studio Version 16
VisualStudioVersion = 16.0.32002.261
MinimumVisualStudioVersion = 10.0.40219.1
Project("{FAE04EC0-301F-11D3-BF4B-00C04F79EFBC}") = "Calculator", "Calculator\Calculator.csproj", "{CD9301C7-76ED-403C-9887-AE6F442FA51C}"
EndProject
Global
	GlobalSection(SolutionConfigurationPlatforms) = preSolution
		Debug|Any CPU = Debug|Any CPU
		Release|Any CPU = Release|Any CPU
	EndGlobalSection
	GlobalSection(ProjectConfigurationPlatforms) = postSolution
		{CD9301C7-76ED-403C-9887-AE6F442FA51C}.Debug|Any CPU.ActiveCfg = Debug|Any CPU
		{CD9301C7-76ED-403C-9887-AE6F442FA51C}.Debug|Any CPU.Build.0 = Debug|Any CPU
		{CD9301C7-76ED-403C-9887-AE6F442FA51C}.Release|Any CPU.ActiveCfg = Release|Any CPU
		{CD9301C7-76ED-403C-9887-AE6F442FA51C}.Release|Any CPU.Build.0 = Release|Any CPU
	EndGlobalSection
	GlobalSection(SolutionProperties) = preSolution
		HideSolutionNode = FALSE
	EndGlobalSection
	GlobalSection(ExtensibilityGlobals) = postSolution
		SolutionGuid = {1CD73270-5E70-49D4-A3BD-61E71C562E4E}
	EndGlobalSection
EndGlobal
